
Microsoft Visual Studio Solution File, Format Version 12.00
# Visual Studio 2013
VisualStudioVersion = 12.0.30501.0
MinimumVisualStudioVersion = 10.0.40219.1
Project("{2150E333-8FDC-42A3-9474-1A3956D46DE8}") = "Solution Items", "Solution Items", "{42194CFB-53D4-44F4-B2FA-6A2C3570629C}"
	ProjectSection(SolutionItems) = preProject
		.gitignore = .gitignore
		README.md = README.md
		setpath.ps1 = setpath.ps1
	EndProjectSection
EndProject
Project("{2150E333-8FDC-42A3-9474-1A3956D46DE8}") = "blog", "blog", "{CB543FA5-BD3F-4957-879E-C4E117651C47}"
	ProjectSection(SolutionItems) = preProject
		blog\.gitignore = blog\.gitignore
		blog\_config.yml = blog\_config.yml
		blog\about.md = blog\about.md
		blog\feed.xml = blog\feed.xml
		blog\index.html = blog\index.html
	EndProjectSection
EndProject
Project("{2150E333-8FDC-42A3-9474-1A3956D46DE8}") = "css", "css", "{E3E677E5-CC09-4F14-907F-FB19EB929B53}"
	ProjectSection(SolutionItems) = preProject
		blog\css\main.css = blog\css\main.css
	EndProjectSection
EndProject
Project("{2150E333-8FDC-42A3-9474-1A3956D46DE8}") = "_posts", "_posts", "{7D4C42A4-537B-44FB-AD87-7FEE99D09938}"
	ProjectSection(SolutionItems) = preProject
		blog\_posts\2008-06-20-interop-on-64-bit-platforms.md = blog\_posts\2008-06-20-interop-on-64-bit-platforms.md
		blog\_posts\2008-07-03-free-ioctl-decoder.md = blog\_posts\2008-07-03-free-ioctl-decoder.md
		blog\_posts\2008-07-08-soyo-widescreen-monitor-inf-available.md = blog\_posts\2008-07-08-soyo-widescreen-monitor-inf-available.md
		blog\_posts\2008-07-11-software-only-device-drivers-whats-in.md = blog\_posts\2008-07-11-software-only-device-drivers-whats-in.md
		blog\_posts\2008-07-24-interop-documentation-pointers.md = blog\_posts\2008-07-24-interop-documentation-pointers.md
		blog\_posts\2008-09-16-openssl-098i-binaries.md = blog\_posts\2008-09-16-openssl-098i-binaries.md
		blog\_posts\2008-09-21-idisposable-article-published.md = blog\_posts\2008-09-21-idisposable-article-published.md
		blog\_posts\2009-01-24-announcing-release-of-nitoasync.md = blog\_posts\2009-01-24-announcing-release-of-nitoasync.md
		blog\_posts\2009-04-24-asynchronous-callback-contexts.md = blog\_posts\2009-04-24-asynchronous-callback-contexts.md
		blog\_posts\2009-04-30-message-framing.md = blog\_posts\2009-04-30-message-framing.md
		blog\_posts\2009-04-30-sample-code-length-prefix-message.md = blog\_posts\2009-04-30-sample-code-length-prefix-message.md
		blog\_posts\2009-04-30-tcpip-net-sockets-faq.md = blog\_posts\2009-04-30-tcpip-net-sockets-faq.md
		blog\_posts\2009-05-04-tcpip-resources.md = blog\_posts\2009-05-04-tcpip-resources.md
		blog\_posts\2009-05-05-socket-operations.md = blog\_posts\2009-05-05-socket-operations.md
		blog\_posts\2009-05-12-dealing-with-wix-data-files.md = blog\_posts\2009-05-12-dealing-with-wix-data-files.md
		blog\_posts\2009-05-14-error-handling.md = blog\_posts\2009-05-14-error-handling.md
		blog\_posts\2009-05-16-detection-of-half-open-dropped.md = blog\_posts\2009-05-16-detection-of-half-open-dropped.md
		blog\_posts\2009-05-16-on-lighter-note-interesting-message-in.md = blog\_posts\2009-05-16-on-lighter-note-interesting-message-in.md
		blog\_posts\2009-05-18-getting-local-ip-address.md = blog\_posts\2009-05-18-getting-local-ip-address.md
		blog\_posts\2009-05-18-getting-local-ip-addresses.md = blog\_posts\2009-05-18-getting-local-ip-addresses.md
		blog\_posts\2009-05-18-on-lighter-note-internet-explorer-msdn.md = blog\_posts\2009-05-18-on-lighter-note-internet-explorer-msdn.md
		blog\_posts\2009-05-18-wix-version-lying-take-two.md = blog\_posts\2009-05-18-wix-version-lying-take-two.md
		blog\_posts\2009-05-23-ini-file-reader-in-c.md = blog\_posts\2009-05-23-ini-file-reader-in-c.md
		blog\_posts\2009-05-23-on-lighter-note-airport-error.md = blog\_posts\2009-05-23-on-lighter-note-airport-error.md
		blog\_posts\2009-05-23-using-socket-as-client-socket.md = blog\_posts\2009-05-23-using-socket-as-client-socket.md
		blog\_posts\2009-05-27-msbuild-filtering-itemgroup-based-on.md = blog\_posts\2009-05-27-msbuild-filtering-itemgroup-based-on.md
		blog\_posts\2009-05-27-using-socket-as-server-listening-socket.md = blog\_posts\2009-05-27-using-socket-as-server-listening-socket.md
		blog\_posts\2009-05-28-msbuild-factorial.md = blog\_posts\2009-05-28-msbuild-factorial.md
		blog\_posts\2009-05-28-msbuild-itemgroup-metadata-inversion.md = blog\_posts\2009-05-28-msbuild-itemgroup-metadata-inversion.md
		blog\_posts\2009-06-02-msbuild-real-world-recursive.md = blog\_posts\2009-06-02-msbuild-real-world-recursive.md
		blog\_posts\2009-06-12-msbuildextensionpack-accepts.md = blog\_posts\2009-06-12-msbuildextensionpack-accepts.md
		blog\_posts\2009-06-13-using-socket-as-connected-socket.md = blog\_posts\2009-06-13-using-socket-as-connected-socket.md
		blog\_posts\2009-06-19-threadsafe-events.md = blog\_posts\2009-06-19-threadsafe-events.md
		blog\_posts\2009-06-30-application-protocol-specifications.md = blog\_posts\2009-06-30-application-protocol-specifications.md
		blog\_posts\2009-07-01-xml-over-tcpip.md = blog\_posts\2009-07-01-xml-over-tcpip.md
		blog\_posts\2009-07-10-nitoweakreference-and.md = blog\_posts\2009-07-10-nitoweakreference-and.md
		blog\_posts\2009-07-16-interpreting-notifycollectionchangedeve.md = blog\_posts\2009-07-16-interpreting-notifycollectionchangedeve.md
		blog\_posts\2009-07-21-first-codeproject-article-on-nitomvvm.md = blog\_posts\2009-07-21-first-codeproject-article-on-nitomvvm.md
		blog\_posts\2009-07-28-this-post-illustrates-one-of-several.md = blog\_posts\2009-07-28-this-post-illustrates-one-of-several.md
		blog\_posts\2009-08-14-gotchas-from-synchronizationcontext.md = blog\_posts\2009-08-14-gotchas-from-synchronizationcontext.md
		blog\_posts\2009-08-17-alternative-guids-for-mobile-devices.md = blog\_posts\2009-08-17-alternative-guids-for-mobile-devices.md
		blog\_posts\2009-08-20-barcampgr4-slides-available.md = blog\_posts\2009-08-20-barcampgr4-slides-available.md
		blog\_posts\2009-08-20-where-has-steve-been.md = blog\_posts\2009-08-20-where-has-steve-been.md
		blog\_posts\2009-08-27-finalizers-at-process-exit.md = blog\_posts\2009-08-27-finalizers-at-process-exit.md
		blog\_posts\2009-08-27-first-rule-of-implementing-idisposable.md = blog\_posts\2009-08-27-first-rule-of-implementing-idisposable.md
		blog\_posts\2009-08-27-how-to-implement-idisposable-and.md = blog\_posts\2009-08-27-how-to-implement-idisposable-and.md
		blog\_posts\2009-08-27-second-rule-of-implementing-idisposable.md = blog\_posts\2009-08-27-second-rule-of-implementing-idisposable.md
		blog\_posts\2009-08-27-third-rule-of-implementing-idisposable.md = blog\_posts\2009-08-27-third-rule-of-implementing-idisposable.md
		blog\_posts\2009-08-28-q-can-gcsuppressfinalizethis-be-called.md = blog\_posts\2009-08-28-q-can-gcsuppressfinalizethis-be-called.md
		blog\_posts\2009-08-28-q-if-dispose-calls-suppressfinalize-is.md = blog\_posts\2009-08-28-q-if-dispose-calls-suppressfinalize-is.md
		blog\_posts\2009-08-28-q-is-call-to-gckeepalivethis-required.md = blog\_posts\2009-08-28-q-is-call-to-gckeepalivethis-required.md
		blog\_posts\2009-09-01-naming-unit-tests.md = blog\_posts\2009-09-01-naming-unit-tests.md
		blog\_posts\2009-09-03-notes-from-rx-talk.md = blog\_posts\2009-09-03-notes-from-rx-talk.md
		blog\_posts\2009-09-12-70-536-in-bag.md = blog\_posts\2009-09-12-70-536-in-bag.md
		blog\_posts\2009-09-14-on-lighter-note-infinite-visual-studio.md = blog\_posts\2009-09-14-on-lighter-note-infinite-visual-studio.md
		blog\_posts\2009-09-14-preventing-undesired-side-effects-in.md = blog\_posts\2009-09-14-preventing-undesired-side-effects-in.md
		blog\_posts\2009-09-16-iasyncresultasyncwaithandle-and.md = blog\_posts\2009-09-16-iasyncresultasyncwaithandle-and.md
		blog\_posts\2009-09-18-if-pusleevent-is-broken-what-about.md = blog\_posts\2009-09-18-if-pusleevent-is-broken-what-about.md
		blog\_posts\2009-09-21-minor-improvements-for-language-design.md = blog\_posts\2009-09-21-minor-improvements-for-language-design.md
		blog\_posts\2009-09-22-another-synchronizationcontext-gotcha.md = blog\_posts\2009-09-22-another-synchronizationcontext-gotcha.md
		blog\_posts\2009-09-22-nitoasync-14-released.md = blog\_posts\2009-09-22-nitoasync-14-released.md
		blog\_posts\2009-09-26-mcpd-achieved.md = blog\_posts\2009-09-26-mcpd-achieved.md
		blog\_posts\2009-10-01-threading-in-business-layer.md = blog\_posts\2009-10-01-threading-in-business-layer.md
		blog\_posts\2009-10-07-dynamicexecute-now-official.md = blog\_posts\2009-10-07-dynamicexecute-now-official.md
		blog\_posts\2009-10-20-synchronizationcontext-properties.md = blog\_posts\2009-10-20-synchronizationcontext-properties.md
		blog\_posts\2009-10-21-managed-windows-services-basics.md = blog\_posts\2009-10-21-managed-windows-services-basics.md
		blog\_posts\2009-10-22-windows-services-and-network.md = blog\_posts\2009-10-22-windows-services-and-network.md
		blog\_posts\2009-11-16-reverse-compiling-windows-forms.md = blog\_posts\2009-11-16-reverse-compiling-windows-forms.md
		blog\_posts\2009-11-17-icollection-isreadonly-and-arrays.md = blog\_posts\2009-11-17-icollection-isreadonly-and-arrays.md
		blog\_posts\2009-11-18-generic-generics-and-method-overloads.md = blog\_posts\2009-11-18-generic-generics-and-method-overloads.md
		blog\_posts\2009-11-18-unit-testing-without-design-suicide.md = blog\_posts\2009-11-18-unit-testing-without-design-suicide.md
		blog\_posts\2009-11-28-rx-release-brings-nice-surprises.md = blog\_posts\2009-11-28-rx-release-brings-nice-surprises.md
		blog\_posts\2009-12-03-slides-from-nmnug-available.md = blog\_posts\2009-12-03-slides-from-nmnug-available.md
		blog\_posts\2009-12-18-preannouncement-of-nitolinq.md = blog\_posts\2009-12-18-preannouncement-of-nitolinq.md
		blog\_posts\2010-01-02-best-computer-programming-book-ever.md = blog\_posts\2010-01-02-best-computer-programming-book-ever.md
		blog\_posts\2010-01-02-view-of-2010.md = blog\_posts\2010-01-02-view-of-2010.md
		blog\_posts\2010-01-05-extension-based-types.md = blog\_posts\2010-01-05-extension-based-types.md
		blog\_posts\2010-01-18-aspnet-mvc-faking-web-services.md = blog\_posts\2010-01-18-aspnet-mvc-faking-web-services.md
		blog\_posts\2010-02-01-cross-browser-silverlight.md = blog\_posts\2010-02-01-cross-browser-silverlight.md
		blog\_posts\2010-02-01-jquery-hosted-on-googles-cdn-with.md = blog\_posts\2010-02-01-jquery-hosted-on-googles-cdn-with.md
		blog\_posts\2010-02-06-nitoassimilation-assembly-manipulator.md = blog\_posts\2010-02-06-nitoassimilation-assembly-manipulator.md
		blog\_posts\2010-02-15-aspnet-slides-available.md = blog\_posts\2010-02-15-aspnet-slides-available.md
		blog\_posts\2010-02-15-evolution-of-framework-design.md = blog\_posts\2010-02-15-evolution-of-framework-design.md
		blog\_posts\2010-02-16-how-to-implement-idisposable-and.md = blog\_posts\2010-02-16-how-to-implement-idisposable-and.md
		blog\_posts\2010-02-16-interop-multidimensional-arrays-of.md = blog\_posts\2010-02-16-interop-multidimensional-arrays-of.md
		blog\_posts\2010-02-17-q-should-i-set-variables-to-null-to.md = blog\_posts\2010-02-17-q-should-i-set-variables-to-null-to.md
		blog\_posts\2010-02-23-crazy-saturday.md = blog\_posts\2010-02-23-crazy-saturday.md
		blog\_posts\2010-03-13-introducing-sharp-corners.md = blog\_posts\2010-03-13-introducing-sharp-corners.md
		blog\_posts\2010-03-14-sharp-corner-value-types-are-never.md = blog\_posts\2010-03-14-sharp-corner-value-types-are-never.md
		blog\_posts\2010-03-17-io-limitation-in-windows.md = blog\_posts\2010-03-17-io-limitation-in-windows.md
		blog\_posts\2010-03-20-inheritance-in-general-and-deriving.md = blog\_posts\2010-03-20-inheritance-in-general-and-deriving.md
		blog\_posts\2010-03-27-xml-documentation-basics.md = blog\_posts\2010-03-27-xml-documentation-basics.md
		blog\_posts\2010-03-27-xmldocs-linking-to-overloads-page.md = blog\_posts\2010-03-27-xmldocs-linking-to-overloads-page.md
		blog\_posts\2010-04-06-sharp-corners-ilist-isreadonly.md = blog\_posts\2010-04-06-sharp-corners-ilist-isreadonly.md
		blog\_posts\2010-04-13-t4-almost-complete.md = blog\_posts\2010-04-13-t4-almost-complete.md
		blog\_posts\2010-04-13-vs2010-webdeploy-and-vs2010-web.md = blog\_posts\2010-04-13-vs2010-webdeploy-and-vs2010-web.md
		blog\_posts\2010-04-13-vs2010-without-web-deployment-projects.md = blog\_posts\2010-04-13-vs2010-without-web-deployment-projects.md
		blog\_posts\2010-04-15-declarative-programming-languages.md = blog\_posts\2010-04-15-declarative-programming-languages.md
		blog\_posts\2010-04-19-svn-source-indexing-to-codeplex.md = blog\_posts\2010-04-19-svn-source-indexing-to-codeplex.md
		blog\_posts\2010-04-23-generic-methods-with-dynamic.md = blog\_posts\2010-04-23-generic-methods-with-dynamic.md
		blog\_posts\2010-04-26-innovations-are-great-but-content-is.md = blog\_posts\2010-04-26-innovations-are-great-but-content-is.md
		blog\_posts\2010-04-30-dynamically-binding-to-static-class.md = blog\_posts\2010-04-30-dynamically-binding-to-static-class.md
		blog\_posts\2010-05-01-ms-bug-mvcbuildviews-with-one-click.md = blog\_posts\2010-05-01-ms-bug-mvcbuildviews-with-one-click.md
		blog\_posts\2010-05-01-russian-translation-of-implementing.md = blog\_posts\2010-05-01-russian-translation-of-implementing.md
		blog\_posts\2010-05-17-review-of-bill-wagners-effective-c-2nd.md = blog\_posts\2010-05-17-review-of-bill-wagners-effective-c-2nd.md
		blog\_posts\2010-06-02-transactionscope-has-default-timeout.md = blog\_posts\2010-06-02-transactionscope-has-default-timeout.md
		blog\_posts\2010-06-18-reporting-progress-from-tasks.md = blog\_posts\2010-06-18-reporting-progress-from-tasks.md
		blog\_posts\2010-06-21-sqlite-and-entity-framework-4.md = blog\_posts\2010-06-21-sqlite-and-entity-framework-4.md
		blog\_posts\2010-06-25-on-lighter-note-socketflagsmaxiovectorl.md = blog\_posts\2010-06-25-on-lighter-note-socketflagsmaxiovectorl.md
		blog\_posts\2010-06-30-review-of-bill-wagners-effective-c-2nd.md = blog\_posts\2010-06-30-review-of-bill-wagners-effective-c-2nd.md
		blog\_posts\2010-07-16-resharper-and-obscure-cts-corner-case.md = blog\_posts\2010-07-16-resharper-and-obscure-cts-corner-case.md
		blog\_posts\2010-07-31-asynchronous-contexts-in-rx.md = blog\_posts\2010-07-31-asynchronous-contexts-in-rx.md
		blog\_posts\2010-08-02-reminder-about-asynchronous-filestreams.md = blog\_posts\2010-08-02-reminder-about-asynchronous-filestreams.md
		blog\_posts\2010-08-05-using-rx-for-stream-encoding-and.md = blog\_posts\2010-08-05-using-rx-for-stream-encoding-and.md
		blog\_posts\2010-08-16-various-implementations-of-asynchronous.md = blog\_posts\2010-08-16-various-implementations-of-asynchronous.md
		blog\_posts\2010-09-16-using-ilmerge-with-net-40-andor-rx.md = blog\_posts\2010-09-16-using-ilmerge-with-net-40-andor-rx.md
		blog\_posts\2010-10-15-firmware.md = blog\_posts\2010-10-15-firmware.md
		blog\_posts\2010-10-18-implementing-gccs-builtin-functions.md = blog\_posts\2010-10-18-implementing-gccs-builtin-functions.md
		blog\_posts\2010-10-23-grand-rapids-day-of-dotnet-slides.md = blog\_posts\2010-10-23-grand-rapids-day-of-dotnet-slides.md
		blog\_posts\2010-11-16-few-words-on-guids.md = blog\_posts\2010-11-16-few-words-on-guids.md
		blog\_posts\2010-11-20-its-girl.md = blog\_posts\2010-11-20-its-girl.md
		blog\_posts\2010-12-21-conditionalweaktable.md = blog\_posts\2010-12-21-conditionalweaktable.md
		blog\_posts\2010-12-24-on-lighter-note-wii-me.md = blog\_posts\2010-12-24-on-lighter-note-wii-me.md
		blog\_posts\2010-12-30-simple-and-easy-tracing-in-net.md = blog\_posts\2010-12-30-simple-and-easy-tracing-in-net.md
		blog\_posts\2011-01-14-sharp-corner-reference-types-value.md = blog\_posts\2011-01-14-sharp-corner-reference-types-value.md
		blog\_posts\2011-01-19-simple-and-easy-code-contracts.md = blog\_posts\2011-01-19-simple-and-easy-code-contracts.md
		blog\_posts\2011-01-21-new-library-connectedproperties.md = blog\_posts\2011-01-21-new-library-connectedproperties.md
		blog\_posts\2011-02-01-msdn-article-on-synchronizationcontext.md = blog\_posts\2011-02-01-msdn-article-on-synchronizationcontext.md
		blog\_posts\2011-02-03-nuget-packages-for-nitokitchensink.md = blog\_posts\2011-02-03-nuget-packages-for-nitokitchensink.md
		blog\_posts\2011-02-11-option-parsing-introduction.md = blog\_posts\2011-02-11-option-parsing-introduction.md
		blog\_posts\2011-02-20-synchronizationcontext-odds-and-ends.md = blog\_posts\2011-02-20-synchronizationcontext-odds-and-ends.md
		blog\_posts\2011-03-24-border-case-of-abs.md = blog\_posts\2011-03-24-border-case-of-abs.md
		blog\_posts\2011-03-28-exception-types.md = blog\_posts\2011-03-28-exception-types.md
		blog\_posts\2011-04-26-nuget-no-longer-supports-code-contracts.md = blog\_posts\2011-04-26-nuget-no-longer-supports-code-contracts.md
		blog\_posts\2011-04-28-unmanaged-blocking.md = blog\_posts\2011-04-28-unmanaged-blocking.md
		blog\_posts\2011-05-05-simple-and-easy-entity-framework-sql.md = blog\_posts\2011-05-05-simple-and-easy-entity-framework-sql.md
		blog\_posts\2011-05-12-managed-services-and-uis.md = blog\_posts\2011-05-12-managed-services-and-uis.md
		blog\_posts\2011-05-19-signed-and-unsigned-comparisons-in-c-c.md = blog\_posts\2011-05-19-signed-and-unsigned-comparisons-in-c-c.md
		blog\_posts\2011-05-26-getting-objectcontext-from-entityobject.md = blog\_posts\2011-05-26-getting-objectcontext-from-entityobject.md
		blog\_posts\2011-06-02-how-to-run-processes-remotely.md = blog\_posts\2011-06-02-how-to-run-processes-remotely.md
		blog\_posts\2011-06-09-option-parsing-option-parsing-pipeline.md = blog\_posts\2011-06-09-option-parsing-option-parsing-pipeline.md
		blog\_posts\2011-06-16-option-parsing-lexing.md = blog\_posts\2011-06-16-option-parsing-lexing.md
		blog\_posts\2011-06-23-option-parsing-error-handling.md = blog\_posts\2011-06-23-option-parsing-error-handling.md
		blog\_posts\2011-06-30-option-parsing-option-names.md = blog\_posts\2011-06-30-option-parsing-option-names.md
		blog\_posts\2011-07-07-option-parsing-default-and-nullable.md = blog\_posts\2011-07-07-option-parsing-default-and-nullable.md
		blog\_posts\2011-07-14-option-parsing-options-with-optional.md = blog\_posts\2011-07-14-option-parsing-options-with-optional.md
		blog\_posts\2011-07-21-systemthreadingtimer-constructor-and.md = blog\_posts\2011-07-21-systemthreadingtimer-constructor-and.md
		blog\_posts\2011-07-28-option-parsing-allowing-multiple.md = blog\_posts\2011-07-28-option-parsing-allowing-multiple.md
		blog\_posts\2011-08-04-option-parsing-preventing-multiple.md = blog\_posts\2011-08-04-option-parsing-preventing-multiple.md
		blog\_posts\2011-08-11-option-parsing-argument-parsing.md = blog\_posts\2011-08-11-option-parsing-argument-parsing.md
		blog\_posts\2011-08-18-option-parsing-boolean-options.md = blog\_posts\2011-08-18-option-parsing-boolean-options.md
		blog\_posts\2011-08-25-option-parsing-validation.md = blog\_posts\2011-08-25-option-parsing-validation.md
		blog\_posts\2011-09-01-async-ctp-why-do-keywords-work-that-way.md = blog\_posts\2011-09-01-async-ctp-why-do-keywords-work-that-way.md
		blog\_posts\2011-09-09-nitoasyncex-available.md = blog\_posts\2011-09-09-nitoasyncex-available.md
		blog\_posts\2011-09-16-rx-and-async.md = blog\_posts\2011-09-16-rx-and-async.md
		blog\_posts\2011-10-06-option-parsing-positional-arguments.md = blog\_posts\2011-10-06-option-parsing-positional-arguments.md
		blog\_posts\2011-10-13-option-parsing-case-sensitivity.md = blog\_posts\2011-10-13-option-parsing-case-sensitivity.md
		blog\_posts\2011-11-26-virtualizing-two-machines-over.md = blog\_posts\2011-11-26-virtualizing-two-machines-over.md
		blog\_posts\2011-12-01-out-for-bit.md = blog\_posts\2011-12-01-out-for-bit.md
		blog\_posts\2012-02-02-async-and-await.md = blog\_posts\2012-02-02-async-and-await.md
		blog\_posts\2012-02-03-async-console-programs.md = blog\_posts\2012-02-03-async-console-programs.md
		blog\_posts\2012-02-06-async-unit-tests-part-1-wrong-way.md = blog\_posts\2012-02-06-async-unit-tests-part-1-wrong-way.md
		blog\_posts\2012-02-07-async-unit-tests-part-2-right-way.md = blog\_posts\2012-02-07-async-unit-tests-part-2-right-way.md
		blog\_posts\2012-02-09-creating-tasks.md = blog\_posts\2012-02-09-creating-tasks.md
		blog\_posts\2012-02-16-reporting-progress-from-async-tasks.md = blog\_posts\2012-02-16-reporting-progress-from-async-tasks.md
		blog\_posts\2012-02-23-thinking-about-async-tasks.md = blog\_posts\2012-02-23-thinking-about-async-tasks.md
		blog\_posts\2012-05-17-framework-profiles-in-net.md = blog\_posts\2012-05-17-framework-profiles-in-net.md
		blog\_posts\2012-06-21-arraysegments-library-available.md = blog\_posts\2012-06-21-arraysegments-library-available.md
		blog\_posts\2012-07-12-dont-block-on-async-code.md = blog\_posts\2012-07-12-dont-block-on-async-code.md
		blog\_posts\2012-07-19-thread-is-dead.md = blog\_posts\2012-07-19-thread-is-dead.md
		blog\_posts\2012-07-26-async-interop-with-iasyncresult.md = blog\_posts\2012-07-26-async-interop-with-iasyncresult.md
		blog\_posts\2012-08-02-async-wcf-today-and-tomorrow.md = blog\_posts\2012-08-02-async-wcf-today-and-tomorrow.md
		blog\_posts\2012-08-09-async-doesnt-change-http-protocol.md = blog\_posts\2012-08-09-async-doesnt-change-http-protocol.md
		blog\_posts\2012-08-16-asynchronous-lazy-initialization.md = blog\_posts\2012-08-16-asynchronous-lazy-initialization.md
		blog\_posts\2012-08-16-windows-8-boot-to-differencing-vhd.md = blog\_posts\2012-08-16-windows-8-boot-to-differencing-vhd.md
		blog\_posts\2012-08-23-async-and-scheduled-concurrency.md = blog\_posts\2012-08-23-async-and-scheduled-concurrency.md
		blog\_posts\2012-08-30-async-coroutines.md = blog\_posts\2012-08-30-async-coroutines.md
		blog\_posts\2012-09-10-a-new-web-site.md = blog\_posts\2012-09-10-a-new-web-site.md
		blog\_posts\2012-09-12-an-async-horror-story.md = blog\_posts\2012-09-12-an-async-horror-story.md
		blog\_posts\2012-09-20-introduction-to-dataflow-part-1.md = blog\_posts\2012-09-20-introduction-to-dataflow-part-1.md
		blog\_posts\2012-09-27-introduction-to-dataflow-part-2.md = blog\_posts\2012-09-27-introduction-to-dataflow-part-2.md
		blog\_posts\2012-10-04-introduction-to-dataflow-part-3.md = blog\_posts\2012-10-04-introduction-to-dataflow-part-3.md
		blog\_posts\2012-11-08-and-im-back.md = blog\_posts\2012-11-08-and-im-back.md
		blog\_posts\2012-11-08-async-producerconsumer-queue-using.md = blog\_posts\2012-11-08-async-producerconsumer-queue-using.md
		blog\_posts\2012-11-15-portable-class-library-enlightenment.md = blog\_posts\2012-11-15-portable-class-library-enlightenment.md
		blog\_posts\2012-12-06-dont-block-in-asynchronous-code.md = blog\_posts\2012-12-06-dont-block-in-asynchronous-code.md
		blog\_posts\2012-12-13-returning-early-from-aspnet-requests.md = blog\_posts\2012-12-13-returning-early-from-aspnet-requests.md
		blog\_posts\2012-12-20-async-producer-consumer-queue-2-more.md = blog\_posts\2012-12-20-async-producer-consumer-queue-2-more.md
		blog\_posts\2012-12-27-async-producer-consumer-queue-3-more.md = blog\_posts\2012-12-27-async-producer-consumer-queue-3-more.md
		blog\_posts\2013-01-03-async-oop-0-introduction.md = blog\_posts\2013-01-03-async-oop-0-introduction.md
		blog\_posts\2013-01-10-async-oop-1-inheritance-and-interfaces.md = blog\_posts\2013-01-10-async-oop-1-inheritance-and-interfaces.md
		blog\_posts\2013-01-17-async-oop-2-constructors.md = blog\_posts\2013-01-17-async-oop-2-constructors.md
		blog\_posts\2013-01-24-async-oop-3-properties.md = blog\_posts\2013-01-24-async-oop-3-properties.md
		blog\_posts\2013-01-31-async-oop-4-state.md = blog\_posts\2013-01-31-async-oop-4-state.md
		blog\_posts\2013-02-28-async-oop-5-events.md = blog\_posts\2013-02-28-async-oop-5-events.md
		blog\_posts\2013-03-01-msdn-article-and-grdevday.md = blog\_posts\2013-03-01-msdn-article-and-grdevday.md
		blog\_posts\2013-03-02-grdevday-slides-and-code.md = blog\_posts\2013-03-02-grdevday-slides-and-code.md
		blog\_posts\2013-03-07-async-oop-6-disposal.md = blog\_posts\2013-03-07-async-oop-6-disposal.md
		blog\_posts\2013-03-14-async-oop-7-design.md = blog\_posts\2013-03-14-async-oop-7-design.md
		blog\_posts\2013-03-21-a-few-words-on-taskid-and.md = blog\_posts\2013-03-21-a-few-words-on-taskid-and.md
		blog\_posts\2013-03-28-taskcurrentid-in-async-methods.md = blog\_posts\2013-03-28-taskcurrentid-in-async-methods.md
		blog\_posts\2013-04-04-implicit-async-context-asynclocal.md = blog\_posts\2013-04-04-implicit-async-context-asynclocal.md
		blog\_posts\2013-04-11-cancellationtoken-behavior-with-asyncex.md = blog\_posts\2013-04-11-cancellationtoken-behavior-with-asyncex.md
		blog\_posts\2013-04-18-ui-guidelines-for-async.md = blog\_posts\2013-04-18-ui-guidelines-for-async.md
		blog\_posts\2013-04-25-recursive-re-entrant-locks.md = blog\_posts\2013-04-25-recursive-re-entrant-locks.md
		blog\_posts\2013-05-02-taskrun-vs-backgroundworker-intro.md = blog\_posts\2013-05-02-taskrun-vs-backgroundworker-intro.md
		blog\_posts\2013-05-09-taskrun-vs-backgroundworker-round-1.md = blog\_posts\2013-05-09-taskrun-vs-backgroundworker-round-1.md
		blog\_posts\2013-05-13-announcement-over-200-posts.md = blog\_posts\2013-05-13-announcement-over-200-posts.md
		blog\_posts\2013-05-14-announcement-speaking-at-thatconference.md = blog\_posts\2013-05-14-announcement-speaking-at-thatconference.md
		blog\_posts\2013-05-15-announcement-asyncex-stable-release.md = blog\_posts\2013-05-15-announcement-asyncex-stable-release.md
		blog\_posts\2013-05-16-announcement-c-mvp.md = blog\_posts\2013-05-16-announcement-c-mvp.md
		blog\_posts\2013-05-17-announcement-async-diagnostics.md = blog\_posts\2013-05-17-announcement-async-diagnostics.md
		blog\_posts\2013-07-26-taskrun-vs-backgroundworker-round-2.md = blog\_posts\2013-07-26-taskrun-vs-backgroundworker-round-2.md
		blog\_posts\2013-08-01-taskrun-vs-backgroundworker-round-3.md = blog\_posts\2013-08-01-taskrun-vs-backgroundworker-round-3.md
		blog\_posts\2013-08-13-slides-available-thatconference-2013.md = blog\_posts\2013-08-13-slides-available-thatconference-2013.md
		blog\_posts\2013-08-29-startnew-is-dangerous.md = blog\_posts\2013-08-29-startnew-is-dangerous.md
		blog\_posts\2013-09-12-taskrun-vs-backgroundworker-round-4.md = blog\_posts\2013-09-12-taskrun-vs-backgroundworker-round-4.md
		blog\_posts\2013-09-19-taskrun-vs-backgroundworker-round-5.md = blog\_posts\2013-09-19-taskrun-vs-backgroundworker-round-5.md
		blog\_posts\2013-09-26-taskrun-vs-backgroundworker-conclusion.md = blog\_posts\2013-09-26-taskrun-vs-backgroundworker-conclusion.md
		blog\_posts\2013-10-03-continuewith-is-dangerous-too.md = blog\_posts\2013-10-03-continuewith-is-dangerous-too.md
		blog\_posts\2013-10-10-managed-services-roundup.md = blog\_posts\2013-10-10-managed-services-roundup.md
		blog\_posts\2013-10-17-taskrun-etiquette-and-proper-usage.md = blog\_posts\2013-10-17-taskrun-etiquette-and-proper-usage.md
		blog\_posts\2013-11-06-taskrun-etiquette-examples-using.md = blog\_posts\2013-11-06-taskrun-etiquette-examples-using.md
		blog\_posts\2013-11-07-taskrun-etiquette-examples-dont-use.md = blog\_posts\2013-11-07-taskrun-etiquette-examples-dont-use.md
		blog\_posts\2013-11-08-taskrun-etiquette-examples-even-in.md = blog\_posts\2013-11-08-taskrun-etiquette-examples-even-in.md
		blog\_posts\2013-11-11-announcement-asyncdiagnostics-101.md = blog\_posts\2013-11-11-announcement-asyncdiagnostics-101.md
		blog\_posts\2013-11-14-announcement-nitoasyncex-200.md = blog\_posts\2013-11-14-announcement-nitoasyncex-200.md
		blog\_posts\2013-11-21-there-is-no-thread.md = blog\_posts\2013-11-21-there-is-no-thread.md
		blog\_posts\2013-12-12-azure-cache-serialization-with-json.md = blog\_posts\2013-12-12-azure-cache-serialization-with-json.md
		blog\_posts\2014-01-02-announcement-speaking-at-codemash-2014.md = blog\_posts\2014-01-02-announcement-speaking-at-codemash-2014.md
		blog\_posts\2014-01-09-achievement-unlocked-speak-at-codemash.md = blog\_posts\2014-01-09-achievement-unlocked-speak-at-codemash.md
		blog\_posts\2014-02-20-synchronous-and-asynchronous-delegate.md = blog\_posts\2014-02-20-synchronous-and-asynchronous-delegate.md
		blog\_posts\2014-02-27-guidelines-for-lock-free-programming.md = blog\_posts\2014-02-27-guidelines-for-lock-free-programming.md
		blog\_posts\2014-03-13-a-cross-domain-singleton.md = blog\_posts\2014-03-13-a-cross-domain-singleton.md
		blog\_posts\2014-04-04-announcement-grdevday-2014-slides.md = blog\_posts\2014-04-04-announcement-grdevday-2014-slides.md
		blog\_posts\2014-04-07-announcement-aspnetbackgroundtasks.md = blog\_posts\2014-04-07-announcement-aspnetbackgroundtasks.md
		blog\_posts\2014-04-08-announcement-msdn-async-mvvm-articles.md = blog\_posts\2014-04-08-announcement-msdn-async-mvvm-articles.md
		blog\_posts\2014-04-17-announcement-book.md = blog\_posts\2014-04-17-announcement-book.md
		blog\_posts\2014-04-24-a-tour-of-task-part-0-overview.md = blog\_posts\2014-04-24-a-tour-of-task-part-0-overview.md
		blog\_posts\2014-04-28-announcement-calculated-properties.md = blog\_posts\2014-04-28-announcement-calculated-properties.md
		blog\_posts\2014-05-01-announcement-msdn-article-on-async.md = blog\_posts\2014-05-01-announcement-msdn-article-on-async.md
		blog\_posts\2014-05-05-announcement-concurrency-in-c-early.md = blog\_posts\2014-05-05-announcement-concurrency-in-c-early.md
		blog\_posts\2014-05-15-a-tour-of-task-part-1-constructors.md = blog\_posts\2014-05-15-a-tour-of-task-part-1-constructors.md
	EndProjectSection
EndProject
Project("{2150E333-8FDC-42A3-9474-1A3956D46DE8}") = "_layouts", "_layouts", "{40B3414A-119F-4095-A9F2-58A1C28F6848}"
	ProjectSection(SolutionItems) = preProject
		blog\_layouts\default.html = blog\_layouts\default.html
		blog\_layouts\page.html = blog\_layouts\page.html
		blog\_layouts\post.html = blog\_layouts\post.html
	EndProjectSection
EndProject
Project("{2150E333-8FDC-42A3-9474-1A3956D46DE8}") = "_includes", "_includes", "{40667B92-D8D4-48CD-8D95-784AC3736D2F}"
	ProjectSection(SolutionItems) = preProject
		blog\_includes\footer.html = blog\_includes\footer.html
		blog\_includes\head.html = blog\_includes\head.html
		blog\_includes\header.html = blog\_includes\header.html
	EndProjectSection
EndProject
Project("{FAE04EC0-301F-11D3-BF4B-00C04F79EFBC}") = "ImportBlog", "ImportBlog\ImportBlog.csproj", "{C1DDB56F-CFE8-407A-8584-AA489462B43A}"
EndProject
Project("{2150E333-8FDC-42A3-9474-1A3956D46DE8}") = "assets", "assets", "{87C8AB44-78F3-45BB-A894-7FCD0481B97E}"
	ProjectSection(SolutionItems) = preProject
		blog\assets\1toNp1.PNG = blog\assets\1toNp1.PNG
		blog\assets\1toNp2.PNG = blog\assets\1toNp2.PNG
		blog\assets\AndersNoRx.PNG = blog\assets\AndersNoRx.PNG
		blog\assets\AsyncUnitTests1.png = blog\assets\AsyncUnitTests1.png
		blog\assets\AsyncUnitTests10.png = blog\assets\AsyncUnitTests10.png
		blog\assets\AsyncUnitTests11.png = blog\assets\AsyncUnitTests11.png
		blog\assets\AsyncUnitTests2.png = blog\assets\AsyncUnitTests2.png
		blog\assets\AsyncUnitTests3.png = blog\assets\AsyncUnitTests3.png
		blog\assets\AsyncUnitTests4.png = blog\assets\AsyncUnitTests4.png
		blog\assets\AsyncUnitTests5.png = blog\assets\AsyncUnitTests5.png
		blog\assets\AsyncUnitTests6.png = blog\assets\AsyncUnitTests6.png
		blog\assets\AsyncUnitTests7.png = blog\assets\AsyncUnitTests7.png
		blog\assets\AsyncUnitTests8.png = blog\assets\AsyncUnitTests8.png
		blog\assets\AsyncUnitTests9.png = blog\assets\AsyncUnitTests9.png
		blog\assets\bing-cropped.PNG = blog\assets\bing-cropped.PNG
		blog\assets\Book.jpg = blog\assets\Book.jpg
		blog\assets\CC-analysis.PNG = blog\assets\CC-analysis.PNG
		blog\assets\CC-consumer-debug.PNG = blog\assets\CC-consumer-debug.PNG
		blog\assets\CC-consumer-release.PNG = blog\assets\CC-consumer-release.PNG
		blog\assets\CC-debug.PNG = blog\assets\CC-debug.PNG
		blog\assets\CC-release.PNG = blog\assets\CC-release.PNG
		blog\assets\dd799403.cover_lrg(en-us,MSDN.10).jpg = blog\assets\dd799403.cover_lrg(en-us,MSDN.10).jpg
		blog\assets\google-cropped.PNG = blog\assets\google-cropped.PNG
		blog\assets\IE+Error+2009-05-02+while+on+MSDN+Forums+page.png = blog\assets\IE+Error+2009-05-02+while+on+MSDN+Forums+page.png
		blog\assets\Method%2Bno%2BBlocking.png = blog\assets\Method%2Bno%2BBlocking.png
		blog\assets\miniatus-grouper-247578_640.jpg = blog\assets\miniatus-grouper-247578_640.jpg
		blog\assets\MtoNp1.PNG = blog\assets\MtoNp1.PNG
		blog\assets\MtoNp2.PNG = blog\assets\MtoNp2.PNG
		blog\assets\Os1.png = blog\assets\Os1.png
		blog\assets\Os2.png = blog\assets\Os2.png
		blog\assets\P4200068.JPG = blog\assets\P4200068.JPG
		blog\assets\Poll.png = blog\assets\Poll.png
		blog\assets\ReSharper_doubleNaN.PNG = blog\assets\ReSharper_doubleNaN.PNG
		blog\assets\Serialization+sizes.png = blog\assets\Serialization+sizes.png
		blog\assets\SimplePropertyPath.png = blog\assets\SimplePropertyPath.png
		blog\assets\Step+1.png = blog\assets\Step+1.png
		blog\assets\Step+2.png = blog\assets\Step+2.png
		blog\assets\Step+3.png = blog\assets\Step+3.png
		blog\assets\Step+4.png = blog\assets\Step+4.png
		blog\assets\Step+5.png = blog\assets\Step+5.png
		blog\assets\Step+6.png = blog\assets\Step+6.png
		blog\assets\Step+7.png = blog\assets\Step+7.png
		blog\assets\Step+8.png = blog\assets\Step+8.png
		blog\assets\VS+Infinite+Error.png = blog\assets\VS+Infinite+Error.png
	EndProjectSection
EndProject
Global
	GlobalSection(SolutionConfigurationPlatforms) = preSolution
		Debug|Any CPU = Debug|Any CPU
		Release|Any CPU = Release|Any CPU
	EndGlobalSection
	GlobalSection(ProjectConfigurationPlatforms) = postSolution
		{C1DDB56F-CFE8-407A-8584-AA489462B43A}.Debug|Any CPU.ActiveCfg = Debug|Any CPU
		{C1DDB56F-CFE8-407A-8584-AA489462B43A}.Debug|Any CPU.Build.0 = Debug|Any CPU
		{C1DDB56F-CFE8-407A-8584-AA489462B43A}.Release|Any CPU.ActiveCfg = Release|Any CPU
		{C1DDB56F-CFE8-407A-8584-AA489462B43A}.Release|Any CPU.Build.0 = Release|Any CPU
	EndGlobalSection
	GlobalSection(SolutionProperties) = preSolution
		HideSolutionNode = FALSE
	EndGlobalSection
	GlobalSection(NestedProjects) = preSolution
		{E3E677E5-CC09-4F14-907F-FB19EB929B53} = {CB543FA5-BD3F-4957-879E-C4E117651C47}
		{7D4C42A4-537B-44FB-AD87-7FEE99D09938} = {CB543FA5-BD3F-4957-879E-C4E117651C47}
		{40B3414A-119F-4095-A9F2-58A1C28F6848} = {CB543FA5-BD3F-4957-879E-C4E117651C47}
		{40667B92-D8D4-48CD-8D95-784AC3736D2F} = {CB543FA5-BD3F-4957-879E-C4E117651C47}
		{87C8AB44-78F3-45BB-A894-7FCD0481B97E} = {CB543FA5-BD3F-4957-879E-C4E117651C47}
	EndGlobalSection
EndGlobal
