
Microsoft Visual Studio Solution File, Format Version 12.00
# Visual Studio 2013
VisualStudioVersion = 12.0.30501.0
MinimumVisualStudioVersion = 10.0.40219.1
Project("{2150E333-8FDC-42A3-9474-1A3956D46DE8}") = "Solution Items", "Solution Items", "{42194CFB-53D4-44F4-B2FA-6A2C3570629C}"
	ProjectSection(SolutionItems) = preProject
		.gitignore = .gitignore
		README.md = README.md
		setpath.ps1 = setpath.ps1
	EndProjectSection
EndProject
Project("{2150E333-8FDC-42A3-9474-1A3956D46DE8}") = "blog", "blog", "{CB543FA5-BD3F-4957-879E-C4E117651C47}"
	ProjectSection(SolutionItems) = preProject
		blog\.gitignore = blog\.gitignore
		blog\_config.yml = blog\_config.yml
		blog\about.md = blog\about.md
		blog\feed.xml = blog\feed.xml
		blog\index.html = blog\index.html
	EndProjectSection
EndProject
Project("{2150E333-8FDC-42A3-9474-1A3956D46DE8}") = "css", "css", "{E3E677E5-CC09-4F14-907F-FB19EB929B53}"
	ProjectSection(SolutionItems) = preProject
		blog\css\main.css = blog\css\main.css
	EndProjectSection
EndProject
Project("{2150E333-8FDC-42A3-9474-1A3956D46DE8}") = "_posts", "_posts", "{7D4C42A4-537B-44FB-AD87-7FEE99D09938}"
	ProjectSection(SolutionItems) = preProject
		blog\_posts\2014-05-15-welcome-to-jekyll.markdown = blog\_posts\2014-05-15-welcome-to-jekyll.markdown
	EndProjectSection
EndProject
Project("{2150E333-8FDC-42A3-9474-1A3956D46DE8}") = "_layouts", "_layouts", "{40B3414A-119F-4095-A9F2-58A1C28F6848}"
	ProjectSection(SolutionItems) = preProject
		blog\_layouts\default.html = blog\_layouts\default.html
		blog\_layouts\page.html = blog\_layouts\page.html
		blog\_layouts\post.html = blog\_layouts\post.html
	EndProjectSection
EndProject
Project("{2150E333-8FDC-42A3-9474-1A3956D46DE8}") = "_includes", "_includes", "{40667B92-D8D4-48CD-8D95-784AC3736D2F}"
	ProjectSection(SolutionItems) = preProject
		blog\_includes\footer.html = blog\_includes\footer.html
		blog\_includes\head.html = blog\_includes\head.html
		blog\_includes\header.html = blog\_includes\header.html
	EndProjectSection
EndProject
Global
	GlobalSection(SolutionProperties) = preSolution
		HideSolutionNode = FALSE
	EndGlobalSection
	GlobalSection(NestedProjects) = preSolution
		{E3E677E5-CC09-4F14-907F-FB19EB929B53} = {CB543FA5-BD3F-4957-879E-C4E117651C47}
		{7D4C42A4-537B-44FB-AD87-7FEE99D09938} = {CB543FA5-BD3F-4957-879E-C4E117651C47}
		{40B3414A-119F-4095-A9F2-58A1C28F6848} = {CB543FA5-BD3F-4957-879E-C4E117651C47}
		{40667B92-D8D4-48CD-8D95-784AC3736D2F} = {CB543FA5-BD3F-4957-879E-C4E117651C47}
	EndGlobalSection
EndGlobal
