
Microsoft Visual Studio Solution File, Format Version 12.00
# Visual Studio 2013
VisualStudioVersion = 12.0.30501.0
MinimumVisualStudioVersion = 10.0.40219.1
Project("{2150E333-8FDC-42A3-9474-1A3956D46DE8}") = "Solution Items", "Solution Items", "{42194CFB-53D4-44F4-B2FA-6A2C3570629C}"
	ProjectSection(SolutionItems) = preProject
		.gitignore = .gitignore
		README.md = README.md
		setpath.ps1 = setpath.ps1
	EndProjectSection
EndProject
Project("{E24C65DC-7377-472B-9ABA-BC803B73C61A}") = "blog", "http://localhost:35421", "{C8159F30-3B0A-4D14-AEB2-0631895CFDA6}"
	ProjectSection(WebsiteProperties) = preProject
		UseIISExpress = "true"
		TargetFrameworkMoniker = ".NETFramework,Version%3Dv4.0"
		Debug.AspNetCompiler.VirtualPath = "/localhost_35421"
		Debug.AspNetCompiler.PhysicalPath = "blog\"
		Debug.AspNetCompiler.TargetPath = "PrecompiledWeb\localhost_35421\"
		Debug.AspNetCompiler.Updateable = "true"
		Debug.AspNetCompiler.ForceOverwrite = "true"
		Debug.AspNetCompiler.FixedNames = "false"
		Debug.AspNetCompiler.Debug = "True"
		Release.AspNetCompiler.VirtualPath = "/localhost_35421"
		Release.AspNetCompiler.PhysicalPath = "blog\"
		Release.AspNetCompiler.TargetPath = "PrecompiledWeb\localhost_35421\"
		Release.AspNetCompiler.Updateable = "true"
		Release.AspNetCompiler.ForceOverwrite = "true"
		Release.AspNetCompiler.FixedNames = "false"
		Release.AspNetCompiler.Debug = "False"
		SlnRelativePath = "blog\"
	EndProjectSection
EndProject
Global
	GlobalSection(SolutionConfigurationPlatforms) = preSolution
		Debug|Any CPU = Debug|Any CPU
		Release|Any CPU = Release|Any CPU
	EndGlobalSection
	GlobalSection(ProjectConfigurationPlatforms) = postSolution
		{C8159F30-3B0A-4D14-AEB2-0631895CFDA6}.Debug|Any CPU.ActiveCfg = Debug|Any CPU
		{C8159F30-3B0A-4D14-AEB2-0631895CFDA6}.Debug|Any CPU.Build.0 = Debug|Any CPU
		{C8159F30-3B0A-4D14-AEB2-0631895CFDA6}.Release|Any CPU.ActiveCfg = Debug|Any CPU
		{C8159F30-3B0A-4D14-AEB2-0631895CFDA6}.Release|Any CPU.Build.0 = Debug|Any CPU
	EndGlobalSection
	GlobalSection(SolutionProperties) = preSolution
		HideSolutionNode = FALSE
	EndGlobalSection
EndGlobal
